
Microsoft Visual Studio Solution File, Format Version 12.00
# Visual Studio Version 16
VisualStudioVersion = 16.0.30503.244
MinimumVisualStudioVersion = 10.0.40219.1
Project("{FAE04EC0-301F-11D3-BF4B-00C04F79EFBC}") = "BusinessLayer.Impl", "BusinessLayer.Impl\BusinessLayer.Impl.csproj", "{DAA67EDD-EC28-4743-A9AB-182A1035044E}"
EndProject
Project("{FAE04EC0-301F-11D3-BF4B-00C04F79EFBC}") = "BusinessLayer.Abstract", "BusinessLayer.Abstract\BusinessLayer.Abstract.csproj", "{C5B9ACCE-082E-4404-9B59-02719EFBE8AD}"
EndProject
Project("{FAE04EC0-301F-11D3-BF4B-00C04F79EFBC}") = "PresentationLayer.Abstract", "PresentationLayer.Abstract\PresentationLayer.Abstract.csproj", "{E990B9D2-63AA-4095-A689-A6B5744447BF}"
EndProject
Project("{FAE04EC0-301F-11D3-BF4B-00C04F79EFBC}") = "BusinessLayer.Entities", "BusinessLayer.Entities\BusinessLayer.Entities.csproj", "{934D98E5-8860-4311-B255-E1699BFF4E95}"
EndProject
Project("{FAE04EC0-301F-11D3-BF4B-00C04F79EFBC}") = "PresentationLayer.Impl", "PresentationLayer.Impl\PresentationLayer.Impl.csproj", "{91E6C796-8561-48F7-BBF4-8C638376F4A4}"
EndProject
Project("{9A19103F-16F7-4668-BE54-9A1E7A4F7556}") = "BusinessLayer.Tests", "BusinessLayer.Entities.Tests\BusinessLayer.Tests.csproj", "{600FD035-09B8-4B50-80FD-765472C8FB77}"
EndProject
Project("{FAE04EC0-301F-11D3-BF4B-00C04F79EFBC}") = "PresentationLayer.Tests", "PresentationLayer.Tests\PresentationLayer.Tests.csproj", "{322A2BF7-4A28-4B52-86D7-6C7B73081972}"
EndProject
Global
	GlobalSection(SolutionConfigurationPlatforms) = preSolution
		Debug|Any CPU = Debug|Any CPU
		Release|Any CPU = Release|Any CPU
	EndGlobalSection
	GlobalSection(ProjectConfigurationPlatforms) = postSolution
		{DAA67EDD-EC28-4743-A9AB-182A1035044E}.Debug|Any CPU.ActiveCfg = Debug|Any CPU
		{DAA67EDD-EC28-4743-A9AB-182A1035044E}.Debug|Any CPU.Build.0 = Debug|Any CPU
		{DAA67EDD-EC28-4743-A9AB-182A1035044E}.Release|Any CPU.ActiveCfg = Release|Any CPU
		{DAA67EDD-EC28-4743-A9AB-182A1035044E}.Release|Any CPU.Build.0 = Release|Any CPU
		{C5B9ACCE-082E-4404-9B59-02719EFBE8AD}.Debug|Any CPU.ActiveCfg = Debug|Any CPU
		{C5B9ACCE-082E-4404-9B59-02719EFBE8AD}.Debug|Any CPU.Build.0 = Debug|Any CPU
		{C5B9ACCE-082E-4404-9B59-02719EFBE8AD}.Release|Any CPU.ActiveCfg = Release|Any CPU
		{C5B9ACCE-082E-4404-9B59-02719EFBE8AD}.Release|Any CPU.Build.0 = Release|Any CPU
		{E990B9D2-63AA-4095-A689-A6B5744447BF}.Debug|Any CPU.ActiveCfg = Debug|Any CPU
		{E990B9D2-63AA-4095-A689-A6B5744447BF}.Debug|Any CPU.Build.0 = Debug|Any CPU
		{E990B9D2-63AA-4095-A689-A6B5744447BF}.Release|Any CPU.ActiveCfg = Release|Any CPU
		{E990B9D2-63AA-4095-A689-A6B5744447BF}.Release|Any CPU.Build.0 = Release|Any CPU
		{934D98E5-8860-4311-B255-E1699BFF4E95}.Debug|Any CPU.ActiveCfg = Debug|Any CPU
		{934D98E5-8860-4311-B255-E1699BFF4E95}.Debug|Any CPU.Build.0 = Debug|Any CPU
		{934D98E5-8860-4311-B255-E1699BFF4E95}.Release|Any CPU.ActiveCfg = Release|Any CPU
		{934D98E5-8860-4311-B255-E1699BFF4E95}.Release|Any CPU.Build.0 = Release|Any CPU
		{91E6C796-8561-48F7-BBF4-8C638376F4A4}.Debug|Any CPU.ActiveCfg = Debug|Any CPU
		{91E6C796-8561-48F7-BBF4-8C638376F4A4}.Debug|Any CPU.Build.0 = Debug|Any CPU
		{91E6C796-8561-48F7-BBF4-8C638376F4A4}.Release|Any CPU.ActiveCfg = Release|Any CPU
		{91E6C796-8561-48F7-BBF4-8C638376F4A4}.Release|Any CPU.Build.0 = Release|Any CPU
		{600FD035-09B8-4B50-80FD-765472C8FB77}.Debug|Any CPU.ActiveCfg = Debug|Any CPU
		{600FD035-09B8-4B50-80FD-765472C8FB77}.Debug|Any CPU.Build.0 = Debug|Any CPU
		{600FD035-09B8-4B50-80FD-765472C8FB77}.Release|Any CPU.ActiveCfg = Release|Any CPU
		{600FD035-09B8-4B50-80FD-765472C8FB77}.Release|Any CPU.Build.0 = Release|Any CPU
		{322A2BF7-4A28-4B52-86D7-6C7B73081972}.Debug|Any CPU.ActiveCfg = Debug|Any CPU
		{322A2BF7-4A28-4B52-86D7-6C7B73081972}.Debug|Any CPU.Build.0 = Debug|Any CPU
		{322A2BF7-4A28-4B52-86D7-6C7B73081972}.Release|Any CPU.ActiveCfg = Release|Any CPU
		{322A2BF7-4A28-4B52-86D7-6C7B73081972}.Release|Any CPU.Build.0 = Release|Any CPU
	EndGlobalSection
	GlobalSection(SolutionProperties) = preSolution
		HideSolutionNode = FALSE
	EndGlobalSection
	GlobalSection(ExtensibilityGlobals) = postSolution
		SolutionGuid = {724D273D-90EB-42FC-B7CF-A2B55B71E117}
	EndGlobalSection
EndGlobal
